
Microsoft Visual Studio Solution File, Format Version 12.00
# Visual Studio 15
VisualStudioVersion = 15.0.28010.2050
MinimumVisualStudioVersion = 10.0.40219.1
Project("{FAE04EC0-301F-11D3-BF4B-00C04F79EFBC}") = "Supermercado", "Supermercado\Supermercado.csproj", "{5FD17F25-4747-4FF0-9371-99C4DAAF33F6}"
EndProject
Project("{FAE04EC0-301F-11D3-BF4B-00C04F79EFBC}") = "Cliente", "ConsoleApp1\Cliente.csproj", "{8D44E684-E302-40F4-A4E3-587AAF8654F4}"
EndProject
Global
	GlobalSection(SolutionConfigurationPlatforms) = preSolution
		Debug|Any CPU = Debug|Any CPU
		Release|Any CPU = Release|Any CPU
	EndGlobalSection
	GlobalSection(ProjectConfigurationPlatforms) = postSolution
		{5FD17F25-4747-4FF0-9371-99C4DAAF33F6}.Debug|Any CPU.ActiveCfg = Debug|Any CPU
		{5FD17F25-4747-4FF0-9371-99C4DAAF33F6}.Debug|Any CPU.Build.0 = Debug|Any CPU
		{5FD17F25-4747-4FF0-9371-99C4DAAF33F6}.Release|Any CPU.ActiveCfg = Release|Any CPU
		{5FD17F25-4747-4FF0-9371-99C4DAAF33F6}.Release|Any CPU.Build.0 = Release|Any CPU
		{8D44E684-E302-40F4-A4E3-587AAF8654F4}.Debug|Any CPU.ActiveCfg = Debug|Any CPU
		{8D44E684-E302-40F4-A4E3-587AAF8654F4}.Debug|Any CPU.Build.0 = Debug|Any CPU
		{8D44E684-E302-40F4-A4E3-587AAF8654F4}.Release|Any CPU.ActiveCfg = Release|Any CPU
		{8D44E684-E302-40F4-A4E3-587AAF8654F4}.Release|Any CPU.Build.0 = Release|Any CPU
	EndGlobalSection
	GlobalSection(SolutionProperties) = preSolution
		HideSolutionNode = FALSE
	EndGlobalSection
	GlobalSection(ExtensibilityGlobals) = postSolution
		SolutionGuid = {3C992368-168A-47D9-B10B-B4A7C5538AC4}
	EndGlobalSection
EndGlobal
