
Microsoft Visual Studio Solution File, Format Version 12.00
# Visual Studio Version 16
VisualStudioVersion = 16.0.29025.244
MinimumVisualStudioVersion = 10.0.40219.1
Project("{F184B08F-C81C-45F6-A57F-5ABD9991F28F}") = "PruebaFicheroCore", "PruebaFicheroCore\PruebaFicheroCore.vbproj", "{3C20748C-D9FB-438D-A598-78548213265D}"
EndProject
Global
	GlobalSection(SolutionConfigurationPlatforms) = preSolution
		Debug|Any CPU = Debug|Any CPU
		Release|Any CPU = Release|Any CPU
	EndGlobalSection
	GlobalSection(ProjectConfigurationPlatforms) = postSolution
		{3C20748C-D9FB-438D-A598-78548213265D}.Debug|Any CPU.ActiveCfg = Debug|Any CPU
		{3C20748C-D9FB-438D-A598-78548213265D}.Debug|Any CPU.Build.0 = Debug|Any CPU
		{3C20748C-D9FB-438D-A598-78548213265D}.Release|Any CPU.ActiveCfg = Release|Any CPU
		{3C20748C-D9FB-438D-A598-78548213265D}.Release|Any CPU.Build.0 = Release|Any CPU
	EndGlobalSection
	GlobalSection(SolutionProperties) = preSolution
		HideSolutionNode = FALSE
	EndGlobalSection
	GlobalSection(ExtensibilityGlobals) = postSolution
		SolutionGuid = {484A98D2-0EC6-46B1-897D-E8EBD920A74C}
	EndGlobalSection
EndGlobal
