
Microsoft Visual Studio Solution File, Format Version 12.00
# Visual Studio 15
VisualStudioVersion = 15.0.26730.16
MinimumVisualStudioVersion = 10.0.40219.1
Project("{F184B08F-C81C-45F6-A57F-5ABD9991F28F}") = "WPF13(Enlace a colecciones)", "WPF13(Enlace a colecciones)\WPF13(Enlace a colecciones).vbproj", "{43E496C4-7D79-48D7-B1F8-5F6B0CFF32B1}"
EndProject
Project("{F184B08F-C81C-45F6-A57F-5ABD9991F28F}") = "WpfApplication1", "..\EnlaceAObjeto\WpfApplication1\WpfApplication1.vbproj", "{C38C0F48-DF64-462F-8499-977C44EA9403}"
EndProject
Global
	GlobalSection(SolutionConfigurationPlatforms) = preSolution
		Debug|Any CPU = Debug|Any CPU
		Release|Any CPU = Release|Any CPU
	EndGlobalSection
	GlobalSection(ProjectConfigurationPlatforms) = postSolution
		{43E496C4-7D79-48D7-B1F8-5F6B0CFF32B1}.Debug|Any CPU.ActiveCfg = Debug|Any CPU
		{43E496C4-7D79-48D7-B1F8-5F6B0CFF32B1}.Debug|Any CPU.Build.0 = Debug|Any CPU
		{43E496C4-7D79-48D7-B1F8-5F6B0CFF32B1}.Release|Any CPU.ActiveCfg = Release|Any CPU
		{43E496C4-7D79-48D7-B1F8-5F6B0CFF32B1}.Release|Any CPU.Build.0 = Release|Any CPU
		{C38C0F48-DF64-462F-8499-977C44EA9403}.Debug|Any CPU.ActiveCfg = Debug|Any CPU
		{C38C0F48-DF64-462F-8499-977C44EA9403}.Debug|Any CPU.Build.0 = Debug|Any CPU
		{C38C0F48-DF64-462F-8499-977C44EA9403}.Release|Any CPU.ActiveCfg = Release|Any CPU
		{C38C0F48-DF64-462F-8499-977C44EA9403}.Release|Any CPU.Build.0 = Release|Any CPU
	EndGlobalSection
	GlobalSection(SolutionProperties) = preSolution
		HideSolutionNode = FALSE
	EndGlobalSection
	GlobalSection(ExtensibilityGlobals) = postSolution
		SolutionGuid = {ECB33417-CE23-4AE7-AA56-CBCB6AA55DCD}
	EndGlobalSection
EndGlobal
