
Microsoft Visual Studio Solution File, Format Version 11.00
# Visual Studio 2010
Project("{FAE04EC0-301F-11D3-BF4B-00C04F79EFBC}") = "Aparcamiento", "Aparcamiento\Aparcamiento.csproj", "{099DCA92-359D-449E-A26D-EA913BF6F184}"
EndProject
Project("{FAE04EC0-301F-11D3-BF4B-00C04F79EFBC}") = "Coche", "Coche\Coche.csproj", "{F0A62A87-9D54-4098-961A-33F6081BA19E}"
EndProject
Global
	GlobalSection(SolutionConfigurationPlatforms) = preSolution
		Debug|x86 = Debug|x86
		Release|x86 = Release|x86
	EndGlobalSection
	GlobalSection(ProjectConfigurationPlatforms) = postSolution
		{099DCA92-359D-449E-A26D-EA913BF6F184}.Debug|x86.ActiveCfg = Debug|x86
		{099DCA92-359D-449E-A26D-EA913BF6F184}.Debug|x86.Build.0 = Debug|x86
		{099DCA92-359D-449E-A26D-EA913BF6F184}.Release|x86.ActiveCfg = Release|x86
		{099DCA92-359D-449E-A26D-EA913BF6F184}.Release|x86.Build.0 = Release|x86
		{F0A62A87-9D54-4098-961A-33F6081BA19E}.Debug|x86.ActiveCfg = Debug|x86
		{F0A62A87-9D54-4098-961A-33F6081BA19E}.Debug|x86.Build.0 = Debug|x86
		{F0A62A87-9D54-4098-961A-33F6081BA19E}.Release|x86.ActiveCfg = Release|x86
		{F0A62A87-9D54-4098-961A-33F6081BA19E}.Release|x86.Build.0 = Release|x86
	EndGlobalSection
	GlobalSection(SolutionProperties) = preSolution
		HideSolutionNode = FALSE
	EndGlobalSection
EndGlobal
