
Microsoft Visual Studio Solution File, Format Version 12.00
# Visual Studio Version 16
VisualStudioVersion = 16.0.29102.190
MinimumVisualStudioVersion = 10.0.40219.1
Project("{F184B08F-C81C-45F6-A57F-5ABD9991F28F}") = "ejer1Commands", "ejer1Commands\ejer1Commands.vbproj", "{6C64A3C6-0EA5-4AC8-81F9-F3EEC6DF25E5}"
EndProject
Global
	GlobalSection(SolutionConfigurationPlatforms) = preSolution
		Debug|Any CPU = Debug|Any CPU
		Release|Any CPU = Release|Any CPU
	EndGlobalSection
	GlobalSection(ProjectConfigurationPlatforms) = postSolution
		{6C64A3C6-0EA5-4AC8-81F9-F3EEC6DF25E5}.Debug|Any CPU.ActiveCfg = Debug|Any CPU
		{6C64A3C6-0EA5-4AC8-81F9-F3EEC6DF25E5}.Debug|Any CPU.Build.0 = Debug|Any CPU
		{6C64A3C6-0EA5-4AC8-81F9-F3EEC6DF25E5}.Release|Any CPU.ActiveCfg = Release|Any CPU
		{6C64A3C6-0EA5-4AC8-81F9-F3EEC6DF25E5}.Release|Any CPU.Build.0 = Release|Any CPU
	EndGlobalSection
	GlobalSection(SolutionProperties) = preSolution
		HideSolutionNode = FALSE
	EndGlobalSection
	GlobalSection(ExtensibilityGlobals) = postSolution
		SolutionGuid = {E9E73116-3272-43C5-A25F-CCA7A125B250}
	EndGlobalSection
EndGlobal
