
Microsoft Visual Studio Solution File, Format Version 12.00
# Visual Studio 15
VisualStudioVersion = 15.0.28010.2050
MinimumVisualStudioVersion = 10.0.40219.1
Project("{F184B08F-C81C-45F6-A57F-5ABD9991F28F}") = "EjemploWPF1", "EjemploWPF1\EjemploWPF1.vbproj", "{358AED46-546F-407B-BBF0-197ED761E2DB}"
EndProject
Global
	GlobalSection(SolutionConfigurationPlatforms) = preSolution
		Debug|Any CPU = Debug|Any CPU
		Release|Any CPU = Release|Any CPU
	EndGlobalSection
	GlobalSection(ProjectConfigurationPlatforms) = postSolution
		{358AED46-546F-407B-BBF0-197ED761E2DB}.Debug|Any CPU.ActiveCfg = Debug|Any CPU
		{358AED46-546F-407B-BBF0-197ED761E2DB}.Debug|Any CPU.Build.0 = Debug|Any CPU
		{358AED46-546F-407B-BBF0-197ED761E2DB}.Release|Any CPU.ActiveCfg = Release|Any CPU
		{358AED46-546F-407B-BBF0-197ED761E2DB}.Release|Any CPU.Build.0 = Release|Any CPU
	EndGlobalSection
	GlobalSection(SolutionProperties) = preSolution
		HideSolutionNode = FALSE
	EndGlobalSection
	GlobalSection(ExtensibilityGlobals) = postSolution
		SolutionGuid = {AE6BDD47-675D-405C-981C-B578FC68CB0B}
	EndGlobalSection
EndGlobal
