
Microsoft Visual Studio Solution File, Format Version 12.00
# Visual Studio Version 16
VisualStudioVersion = 16.0.29025.244
MinimumVisualStudioVersion = 10.0.40219.1
Project("{F184B08F-C81C-45F6-A57F-5ABD9991F28F}") = "190909Consola", "190909Consola\190909Consola.vbproj", "{FB72F6D4-18A9-4659-A42A-1BAF82331A2A}"
EndProject
Global
	GlobalSection(SolutionConfigurationPlatforms) = preSolution
		Debug|Any CPU = Debug|Any CPU
		Release|Any CPU = Release|Any CPU
	EndGlobalSection
	GlobalSection(ProjectConfigurationPlatforms) = postSolution
		{FB72F6D4-18A9-4659-A42A-1BAF82331A2A}.Debug|Any CPU.ActiveCfg = Debug|Any CPU
		{FB72F6D4-18A9-4659-A42A-1BAF82331A2A}.Debug|Any CPU.Build.0 = Debug|Any CPU
		{FB72F6D4-18A9-4659-A42A-1BAF82331A2A}.Release|Any CPU.ActiveCfg = Release|Any CPU
		{FB72F6D4-18A9-4659-A42A-1BAF82331A2A}.Release|Any CPU.Build.0 = Release|Any CPU
	EndGlobalSection
	GlobalSection(SolutionProperties) = preSolution
		HideSolutionNode = FALSE
	EndGlobalSection
	GlobalSection(ExtensibilityGlobals) = postSolution
		SolutionGuid = {FD173583-FEFC-4B36-BBE8-F56B68714E0F}
	EndGlobalSection
EndGlobal
