
Microsoft Visual Studio Solution File, Format Version 12.00
# Visual Studio Version 16
VisualStudioVersion = 16.0.29025.244
MinimumVisualStudioVersion = 10.0.40219.1
Project("{F184B08F-C81C-45F6-A57F-5ABD9991F28F}") = "CalculadoraMinionsHypixel", "CalculadoraMinionsHypixel\CalculadoraMinionsHypixel.vbproj", "{9C9751BE-C57E-45A5-90F5-412D591A5279}"
EndProject
Global
	GlobalSection(SolutionConfigurationPlatforms) = preSolution
		Debug|Any CPU = Debug|Any CPU
		Release|Any CPU = Release|Any CPU
	EndGlobalSection
	GlobalSection(ProjectConfigurationPlatforms) = postSolution
		{9C9751BE-C57E-45A5-90F5-412D591A5279}.Debug|Any CPU.ActiveCfg = Debug|Any CPU
		{9C9751BE-C57E-45A5-90F5-412D591A5279}.Debug|Any CPU.Build.0 = Debug|Any CPU
		{9C9751BE-C57E-45A5-90F5-412D591A5279}.Release|Any CPU.ActiveCfg = Release|Any CPU
		{9C9751BE-C57E-45A5-90F5-412D591A5279}.Release|Any CPU.Build.0 = Release|Any CPU
	EndGlobalSection
	GlobalSection(SolutionProperties) = preSolution
		HideSolutionNode = FALSE
	EndGlobalSection
	GlobalSection(ExtensibilityGlobals) = postSolution
		SolutionGuid = {C81F77E1-FBD2-4E7A-8AF5-EF0760997532}
	EndGlobalSection
EndGlobal
