
Microsoft Visual Studio Solution File, Format Version 12.00
# Visual Studio Version 16
VisualStudioVersion = 16.0.29025.244
MinimumVisualStudioVersion = 10.0.40219.1
Project("{9A19103F-16F7-4668-BE54-9A1E7A4F7556}") = "ProyectoAccesoRestDB", "ProyectoAccesoRestDB.csproj", "{66726A44-FB08-440B-9715-BD95681BFBC3}"
EndProject
Project("{FAE04EC0-301F-11D3-BF4B-00C04F79EFBC}") = "WEBAPIProyectoAccesoRestDB", "..\WEBAPIProyectoAccesoRestDB\WEBAPIProyectoAccesoRestDB.csproj", "{2285CDB4-6470-4440-9585-2D6CF44F3EC9}"
EndProject
Global
	GlobalSection(SolutionConfigurationPlatforms) = preSolution
		Debug|Any CPU = Debug|Any CPU
		Release|Any CPU = Release|Any CPU
	EndGlobalSection
	GlobalSection(ProjectConfigurationPlatforms) = postSolution
		{66726A44-FB08-440B-9715-BD95681BFBC3}.Debug|Any CPU.ActiveCfg = Debug|Any CPU
		{66726A44-FB08-440B-9715-BD95681BFBC3}.Debug|Any CPU.Build.0 = Debug|Any CPU
		{66726A44-FB08-440B-9715-BD95681BFBC3}.Release|Any CPU.ActiveCfg = Release|Any CPU
		{66726A44-FB08-440B-9715-BD95681BFBC3}.Release|Any CPU.Build.0 = Release|Any CPU
		{2285CDB4-6470-4440-9585-2D6CF44F3EC9}.Debug|Any CPU.ActiveCfg = Debug|Any CPU
		{2285CDB4-6470-4440-9585-2D6CF44F3EC9}.Debug|Any CPU.Build.0 = Debug|Any CPU
		{2285CDB4-6470-4440-9585-2D6CF44F3EC9}.Release|Any CPU.ActiveCfg = Release|Any CPU
		{2285CDB4-6470-4440-9585-2D6CF44F3EC9}.Release|Any CPU.Build.0 = Release|Any CPU
	EndGlobalSection
	GlobalSection(SolutionProperties) = preSolution
		HideSolutionNode = FALSE
	EndGlobalSection
	GlobalSection(ExtensibilityGlobals) = postSolution
		SolutionGuid = {B673E328-C333-47D3-A2AF-40FCCECA5ED9}
	EndGlobalSection
EndGlobal
