
Microsoft Visual Studio Solution File, Format Version 12.00
# Visual Studio Version 16
VisualStudioVersion = 16.0.29025.244
MinimumVisualStudioVersion = 10.0.40219.1
Project("{FAE04EC0-301F-11D3-BF4B-00C04F79EFBC}") = "Enunciado3", "Enunciado3\Enunciado3.csproj", "{3376A328-CEC4-412A-A114-BC466F586030}"
EndProject
Global
	GlobalSection(SolutionConfigurationPlatforms) = preSolution
		Debug|Any CPU = Debug|Any CPU
		Release|Any CPU = Release|Any CPU
	EndGlobalSection
	GlobalSection(ProjectConfigurationPlatforms) = postSolution
		{3376A328-CEC4-412A-A114-BC466F586030}.Debug|Any CPU.ActiveCfg = Debug|Any CPU
		{3376A328-CEC4-412A-A114-BC466F586030}.Debug|Any CPU.Build.0 = Debug|Any CPU
		{3376A328-CEC4-412A-A114-BC466F586030}.Release|Any CPU.ActiveCfg = Release|Any CPU
		{3376A328-CEC4-412A-A114-BC466F586030}.Release|Any CPU.Build.0 = Release|Any CPU
	EndGlobalSection
	GlobalSection(SolutionProperties) = preSolution
		HideSolutionNode = FALSE
	EndGlobalSection
	GlobalSection(ExtensibilityGlobals) = postSolution
		SolutionGuid = {12A3CE06-7DA7-4DE3-9427-067D928376C8}
	EndGlobalSection
EndGlobal
