
Microsoft Visual Studio Solution File, Format Version 12.00
# Visual Studio Version 16
VisualStudioVersion = 16.0.29025.244
MinimumVisualStudioVersion = 10.0.40219.1
Project("{FAE04EC0-301F-11D3-BF4B-00C04F79EFBC}") = "EjercicioPipes5", "EjercicioPipes5\EjercicioPipes5.csproj", "{AC64FBF7-8F59-4E91-B758-B1C64446936F}"
EndProject
Project("{FAE04EC0-301F-11D3-BF4B-00C04F79EFBC}") = "PipeHijo1", "PipeHijo\PipeHijo1.csproj", "{AFD4798D-E166-4E44-AADA-12AAE1252B04}"
EndProject
Project("{FAE04EC0-301F-11D3-BF4B-00C04F79EFBC}") = "PipeHijo2", "PipeHijo2\PipeHijo2.csproj", "{31CDB56B-80B6-448E-B69F-A70EB7B15672}"
EndProject
Global
	GlobalSection(SolutionConfigurationPlatforms) = preSolution
		Debug|Any CPU = Debug|Any CPU
		Release|Any CPU = Release|Any CPU
	EndGlobalSection
	GlobalSection(ProjectConfigurationPlatforms) = postSolution
		{AC64FBF7-8F59-4E91-B758-B1C64446936F}.Debug|Any CPU.ActiveCfg = Debug|Any CPU
		{AC64FBF7-8F59-4E91-B758-B1C64446936F}.Debug|Any CPU.Build.0 = Debug|Any CPU
		{AC64FBF7-8F59-4E91-B758-B1C64446936F}.Release|Any CPU.ActiveCfg = Release|Any CPU
		{AC64FBF7-8F59-4E91-B758-B1C64446936F}.Release|Any CPU.Build.0 = Release|Any CPU
		{AFD4798D-E166-4E44-AADA-12AAE1252B04}.Debug|Any CPU.ActiveCfg = Debug|Any CPU
		{AFD4798D-E166-4E44-AADA-12AAE1252B04}.Debug|Any CPU.Build.0 = Debug|Any CPU
		{AFD4798D-E166-4E44-AADA-12AAE1252B04}.Release|Any CPU.ActiveCfg = Release|Any CPU
		{AFD4798D-E166-4E44-AADA-12AAE1252B04}.Release|Any CPU.Build.0 = Release|Any CPU
		{31CDB56B-80B6-448E-B69F-A70EB7B15672}.Debug|Any CPU.ActiveCfg = Debug|Any CPU
		{31CDB56B-80B6-448E-B69F-A70EB7B15672}.Debug|Any CPU.Build.0 = Debug|Any CPU
		{31CDB56B-80B6-448E-B69F-A70EB7B15672}.Release|Any CPU.ActiveCfg = Release|Any CPU
		{31CDB56B-80B6-448E-B69F-A70EB7B15672}.Release|Any CPU.Build.0 = Release|Any CPU
	EndGlobalSection
	GlobalSection(SolutionProperties) = preSolution
		HideSolutionNode = FALSE
	EndGlobalSection
	GlobalSection(ExtensibilityGlobals) = postSolution
		SolutionGuid = {C469B9F3-4C31-406D-95A9-5A0600E237C8}
	EndGlobalSection
EndGlobal
