
Microsoft Visual Studio Solution File, Format Version 12.00
# Visual Studio Version 16
VisualStudioVersion = 16.0.29025.244
MinimumVisualStudioVersion = 10.0.40219.1
Project("{FAE04EC0-301F-11D3-BF4B-00C04F79EFBC}") = "UrkoUrbietaExamenProcesos19-11-2019", "UrkoUrbietaExamenProcesos19-11-2019\UrkoUrbietaExamenProcesos19-11-2019.csproj", "{19663872-064A-405D-9BFA-840F30406655}"
EndProject
Project("{FAE04EC0-301F-11D3-BF4B-00C04F79EFBC}") = "TemporizadorEncender", "TemporizadorEncender\TemporizadorEncender.csproj", "{9AA7E1C1-ED32-4107-B811-63E8C507409C}"
EndProject
Project("{FAE04EC0-301F-11D3-BF4B-00C04F79EFBC}") = "ProgramadorEncender", "ProgramadorEncender\ProgramadorEncender.csproj", "{343387AD-FD7E-4D52-9477-54E19EF8B5F3}"
EndProject
Global
	GlobalSection(SolutionConfigurationPlatforms) = preSolution
		Debug|Any CPU = Debug|Any CPU
		Release|Any CPU = Release|Any CPU
	EndGlobalSection
	GlobalSection(ProjectConfigurationPlatforms) = postSolution
		{19663872-064A-405D-9BFA-840F30406655}.Debug|Any CPU.ActiveCfg = Debug|Any CPU
		{19663872-064A-405D-9BFA-840F30406655}.Debug|Any CPU.Build.0 = Debug|Any CPU
		{19663872-064A-405D-9BFA-840F30406655}.Release|Any CPU.ActiveCfg = Release|Any CPU
		{19663872-064A-405D-9BFA-840F30406655}.Release|Any CPU.Build.0 = Release|Any CPU
		{9AA7E1C1-ED32-4107-B811-63E8C507409C}.Debug|Any CPU.ActiveCfg = Debug|Any CPU
		{9AA7E1C1-ED32-4107-B811-63E8C507409C}.Debug|Any CPU.Build.0 = Debug|Any CPU
		{9AA7E1C1-ED32-4107-B811-63E8C507409C}.Release|Any CPU.ActiveCfg = Release|Any CPU
		{9AA7E1C1-ED32-4107-B811-63E8C507409C}.Release|Any CPU.Build.0 = Release|Any CPU
		{343387AD-FD7E-4D52-9477-54E19EF8B5F3}.Debug|Any CPU.ActiveCfg = Debug|Any CPU
		{343387AD-FD7E-4D52-9477-54E19EF8B5F3}.Debug|Any CPU.Build.0 = Debug|Any CPU
		{343387AD-FD7E-4D52-9477-54E19EF8B5F3}.Release|Any CPU.ActiveCfg = Release|Any CPU
		{343387AD-FD7E-4D52-9477-54E19EF8B5F3}.Release|Any CPU.Build.0 = Release|Any CPU
	EndGlobalSection
	GlobalSection(SolutionProperties) = preSolution
		HideSolutionNode = FALSE
	EndGlobalSection
	GlobalSection(ExtensibilityGlobals) = postSolution
		SolutionGuid = {72004D48-62F0-422D-BFDF-E31EF1E4A65B}
	EndGlobalSection
EndGlobal
