
Microsoft Visual Studio Solution File, Format Version 12.00
# Visual Studio Version 16
VisualStudioVersion = 16.0.29025.244
MinimumVisualStudioVersion = 10.0.40219.1
Project("{FAE04EC0-301F-11D3-BF4B-00C04F79EFBC}") = "Enunciado1", "Enunciado1\Enunciado1.csproj", "{3D9E5381-24B0-4201-A586-5899E3680D5F}"
EndProject
Project("{FAE04EC0-301F-11D3-BF4B-00C04F79EFBC}") = "ClasesSocket", "ClasesSocket\ClasesSocket\ClasesSocket.csproj", "{48E5F1E5-0624-4E8D-A72E-2EBB7136DB66}"
EndProject
Project("{FAE04EC0-301F-11D3-BF4B-00C04F79EFBC}") = "Servidor", "Servidor\Servidor.csproj", "{65BDF4F1-5DB7-4B1A-ADA7-992D2C095854}"
EndProject
Global
	GlobalSection(SolutionConfigurationPlatforms) = preSolution
		Debug|Any CPU = Debug|Any CPU
		Release|Any CPU = Release|Any CPU
	EndGlobalSection
	GlobalSection(ProjectConfigurationPlatforms) = postSolution
		{3D9E5381-24B0-4201-A586-5899E3680D5F}.Debug|Any CPU.ActiveCfg = Debug|Any CPU
		{3D9E5381-24B0-4201-A586-5899E3680D5F}.Debug|Any CPU.Build.0 = Debug|Any CPU
		{3D9E5381-24B0-4201-A586-5899E3680D5F}.Release|Any CPU.ActiveCfg = Release|Any CPU
		{3D9E5381-24B0-4201-A586-5899E3680D5F}.Release|Any CPU.Build.0 = Release|Any CPU
		{48E5F1E5-0624-4E8D-A72E-2EBB7136DB66}.Debug|Any CPU.ActiveCfg = Debug|Any CPU
		{48E5F1E5-0624-4E8D-A72E-2EBB7136DB66}.Debug|Any CPU.Build.0 = Debug|Any CPU
		{48E5F1E5-0624-4E8D-A72E-2EBB7136DB66}.Release|Any CPU.ActiveCfg = Release|Any CPU
		{48E5F1E5-0624-4E8D-A72E-2EBB7136DB66}.Release|Any CPU.Build.0 = Release|Any CPU
		{65BDF4F1-5DB7-4B1A-ADA7-992D2C095854}.Debug|Any CPU.ActiveCfg = Debug|Any CPU
		{65BDF4F1-5DB7-4B1A-ADA7-992D2C095854}.Debug|Any CPU.Build.0 = Debug|Any CPU
		{65BDF4F1-5DB7-4B1A-ADA7-992D2C095854}.Release|Any CPU.ActiveCfg = Release|Any CPU
		{65BDF4F1-5DB7-4B1A-ADA7-992D2C095854}.Release|Any CPU.Build.0 = Release|Any CPU
	EndGlobalSection
	GlobalSection(SolutionProperties) = preSolution
		HideSolutionNode = FALSE
	EndGlobalSection
	GlobalSection(ExtensibilityGlobals) = postSolution
		SolutionGuid = {877E0776-7002-4552-8C94-DCA0BFF64C45}
	EndGlobalSection
EndGlobal
