
Microsoft Visual Studio Solution File, Format Version 12.00
# Visual Studio Version 16
VisualStudioVersion = 16.0.29025.244
MinimumVisualStudioVersion = 10.0.40219.1
Project("{F184B08F-C81C-45F6-A57F-5ABD9991F28F}") = "WPF14(TabControl)", "WPF14(TabControl)\WPF14(TabControl).vbproj", "{CF98B13C-5B8E-4775-8C70-FA8877C40F29}"
EndProject
Global
	GlobalSection(SolutionConfigurationPlatforms) = preSolution
		Debug|Any CPU = Debug|Any CPU
		Release|Any CPU = Release|Any CPU
	EndGlobalSection
	GlobalSection(ProjectConfigurationPlatforms) = postSolution
		{CF98B13C-5B8E-4775-8C70-FA8877C40F29}.Debug|Any CPU.ActiveCfg = Debug|Any CPU
		{CF98B13C-5B8E-4775-8C70-FA8877C40F29}.Debug|Any CPU.Build.0 = Debug|Any CPU
		{CF98B13C-5B8E-4775-8C70-FA8877C40F29}.Release|Any CPU.ActiveCfg = Release|Any CPU
		{CF98B13C-5B8E-4775-8C70-FA8877C40F29}.Release|Any CPU.Build.0 = Release|Any CPU
	EndGlobalSection
	GlobalSection(SolutionProperties) = preSolution
		HideSolutionNode = FALSE
	EndGlobalSection
	GlobalSection(ExtensibilityGlobals) = postSolution
		SolutionGuid = {F6C098A2-ED85-4D78-A077-4968BE3E1B1F}
	EndGlobalSection
EndGlobal
