
Microsoft Visual Studio Solution File, Format Version 12.00
# Visual Studio Version 16
VisualStudioVersion = 16.0.29025.244
MinimumVisualStudioVersion = 10.0.40219.1
Project("{FAE04EC0-301F-11D3-BF4B-00C04F79EFBC}") = "Async", "Async\Async.csproj", "{93B68880-2CF1-474B-A408-3C2CABDD0DFF}"
EndProject
Global
	GlobalSection(SolutionConfigurationPlatforms) = preSolution
		Debug|Any CPU = Debug|Any CPU
		Release|Any CPU = Release|Any CPU
	EndGlobalSection
	GlobalSection(ProjectConfigurationPlatforms) = postSolution
		{93B68880-2CF1-474B-A408-3C2CABDD0DFF}.Debug|Any CPU.ActiveCfg = Debug|Any CPU
		{93B68880-2CF1-474B-A408-3C2CABDD0DFF}.Debug|Any CPU.Build.0 = Debug|Any CPU
		{93B68880-2CF1-474B-A408-3C2CABDD0DFF}.Release|Any CPU.ActiveCfg = Release|Any CPU
		{93B68880-2CF1-474B-A408-3C2CABDD0DFF}.Release|Any CPU.Build.0 = Release|Any CPU
	EndGlobalSection
	GlobalSection(SolutionProperties) = preSolution
		HideSolutionNode = FALSE
	EndGlobalSection
	GlobalSection(ExtensibilityGlobals) = postSolution
		SolutionGuid = {E26635BA-EDA0-4CFE-85FB-FAA1A12BDEFA}
	EndGlobalSection
EndGlobal
