
Microsoft Visual Studio Solution File, Format Version 12.00
# Visual Studio Version 16
VisualStudioVersion = 16.0.29025.244
MinimumVisualStudioVersion = 10.0.40219.1
Project("{F184B08F-C81C-45F6-A57F-5ABD9991F28F}") = "ProveedoresDisponibles", "ProveedoresDisponibles\ProveedoresDisponibles.vbproj", "{3A42DF36-8004-4361-AD03-C715ABB69565}"
EndProject
Global
	GlobalSection(SolutionConfigurationPlatforms) = preSolution
		Debug|Any CPU = Debug|Any CPU
		Release|Any CPU = Release|Any CPU
	EndGlobalSection
	GlobalSection(ProjectConfigurationPlatforms) = postSolution
		{3A42DF36-8004-4361-AD03-C715ABB69565}.Debug|Any CPU.ActiveCfg = Debug|Any CPU
		{3A42DF36-8004-4361-AD03-C715ABB69565}.Debug|Any CPU.Build.0 = Debug|Any CPU
		{3A42DF36-8004-4361-AD03-C715ABB69565}.Release|Any CPU.ActiveCfg = Release|Any CPU
		{3A42DF36-8004-4361-AD03-C715ABB69565}.Release|Any CPU.Build.0 = Release|Any CPU
	EndGlobalSection
	GlobalSection(SolutionProperties) = preSolution
		HideSolutionNode = FALSE
	EndGlobalSection
	GlobalSection(ExtensibilityGlobals) = postSolution
		SolutionGuid = {FFA7B342-A983-409D-ADF7-4497A6DE0D2F}
	EndGlobalSection
EndGlobal
