
Microsoft Visual Studio Solution File, Format Version 12.00
# Visual Studio Version 16
VisualStudioVersion = 16.0.29025.244
MinimumVisualStudioVersion = 10.0.40219.1
Project("{FAE04EC0-301F-11D3-BF4B-00C04F79EFBC}") = "JQUERY", "JQUERY\JQUERY.csproj", "{94D96232-511F-485B-A2C5-66D09756282A}"
EndProject
Global
	GlobalSection(SolutionConfigurationPlatforms) = preSolution
		Debug|Any CPU = Debug|Any CPU
		Release|Any CPU = Release|Any CPU
	EndGlobalSection
	GlobalSection(ProjectConfigurationPlatforms) = postSolution
		{94D96232-511F-485B-A2C5-66D09756282A}.Debug|Any CPU.ActiveCfg = Debug|Any CPU
		{94D96232-511F-485B-A2C5-66D09756282A}.Debug|Any CPU.Build.0 = Debug|Any CPU
		{94D96232-511F-485B-A2C5-66D09756282A}.Release|Any CPU.ActiveCfg = Release|Any CPU
		{94D96232-511F-485B-A2C5-66D09756282A}.Release|Any CPU.Build.0 = Release|Any CPU
	EndGlobalSection
	GlobalSection(SolutionProperties) = preSolution
		HideSolutionNode = FALSE
	EndGlobalSection
	GlobalSection(ExtensibilityGlobals) = postSolution
		SolutionGuid = {7EAC985B-10F3-42E7-9D3A-0DABBEA9F20A}
	EndGlobalSection
EndGlobal
