
Microsoft Visual Studio Solution File, Format Version 12.00
# Visual Studio Version 16
VisualStudioVersion = 16.0.29025.244
MinimumVisualStudioVersion = 10.0.40219.1
Project("{FAE04EC0-301F-11D3-BF4B-00C04F79EFBC}") = "ExamenProcesosUrkoUrbieta13-11-2019", "ExamenProcesosUrkoUrbieta13-11-2019\ExamenProcesosUrkoUrbieta13-11-2019.csproj", "{771FB53F-AA65-49AA-A338-42AC7471EB9C}"
EndProject
Project("{FAE04EC0-301F-11D3-BF4B-00C04F79EFBC}") = "hijo", "hijo\hijo.csproj", "{3CCBA45E-EBC3-4956-AB54-AAC65C9598F3}"
EndProject
Global
	GlobalSection(SolutionConfigurationPlatforms) = preSolution
		Debug|Any CPU = Debug|Any CPU
		Release|Any CPU = Release|Any CPU
	EndGlobalSection
	GlobalSection(ProjectConfigurationPlatforms) = postSolution
		{771FB53F-AA65-49AA-A338-42AC7471EB9C}.Debug|Any CPU.ActiveCfg = Debug|Any CPU
		{771FB53F-AA65-49AA-A338-42AC7471EB9C}.Debug|Any CPU.Build.0 = Debug|Any CPU
		{771FB53F-AA65-49AA-A338-42AC7471EB9C}.Release|Any CPU.ActiveCfg = Release|Any CPU
		{771FB53F-AA65-49AA-A338-42AC7471EB9C}.Release|Any CPU.Build.0 = Release|Any CPU
		{3CCBA45E-EBC3-4956-AB54-AAC65C9598F3}.Debug|Any CPU.ActiveCfg = Debug|Any CPU
		{3CCBA45E-EBC3-4956-AB54-AAC65C9598F3}.Debug|Any CPU.Build.0 = Debug|Any CPU
		{3CCBA45E-EBC3-4956-AB54-AAC65C9598F3}.Release|Any CPU.ActiveCfg = Release|Any CPU
		{3CCBA45E-EBC3-4956-AB54-AAC65C9598F3}.Release|Any CPU.Build.0 = Release|Any CPU
	EndGlobalSection
	GlobalSection(SolutionProperties) = preSolution
		HideSolutionNode = FALSE
	EndGlobalSection
	GlobalSection(ExtensibilityGlobals) = postSolution
		SolutionGuid = {78AE971C-E29E-4DF0-B62C-99C1A8ED9810}
	EndGlobalSection
EndGlobal
