
Microsoft Visual Studio Solution File, Format Version 12.00
# Visual Studio Version 16
VisualStudioVersion = 16.0.29025.244
MinimumVisualStudioVersion = 10.0.40219.1
Project("{F184B08F-C81C-45F6-A57F-5ABD9991F28F}") = "RepasoDataSet1", "RepasoDataSet1\RepasoDataSet1.vbproj", "{856E8A64-A554-4278-B04C-D0D13C56361D}"
EndProject
Global
	GlobalSection(SolutionConfigurationPlatforms) = preSolution
		Debug|Any CPU = Debug|Any CPU
		Release|Any CPU = Release|Any CPU
	EndGlobalSection
	GlobalSection(ProjectConfigurationPlatforms) = postSolution
		{856E8A64-A554-4278-B04C-D0D13C56361D}.Debug|Any CPU.ActiveCfg = Debug|Any CPU
		{856E8A64-A554-4278-B04C-D0D13C56361D}.Debug|Any CPU.Build.0 = Debug|Any CPU
		{856E8A64-A554-4278-B04C-D0D13C56361D}.Release|Any CPU.ActiveCfg = Release|Any CPU
		{856E8A64-A554-4278-B04C-D0D13C56361D}.Release|Any CPU.Build.0 = Release|Any CPU
	EndGlobalSection
	GlobalSection(SolutionProperties) = preSolution
		HideSolutionNode = FALSE
	EndGlobalSection
	GlobalSection(ExtensibilityGlobals) = postSolution
		SolutionGuid = {9C4CA9F3-BA7D-4CD8-96C2-9CCA06BC6145}
	EndGlobalSection
EndGlobal
