
Microsoft Visual Studio Solution File, Format Version 12.00
# Visual Studio 15
VisualStudioVersion = 15.0.26730.16
MinimumVisualStudioVersion = 10.0.40219.1
Project("{FAE04EC0-301F-11D3-BF4B-00C04F79EFBC}") = "WPF7(Slider)", "WPF7(Slider)\WPF7(Slider).csproj", "{5C97DBF0-614B-4649-AFA4-47181A14D5CD}"
EndProject
Global
	GlobalSection(SolutionConfigurationPlatforms) = preSolution
		Debug|Any CPU = Debug|Any CPU
		Release|Any CPU = Release|Any CPU
	EndGlobalSection
	GlobalSection(ProjectConfigurationPlatforms) = postSolution
		{5C97DBF0-614B-4649-AFA4-47181A14D5CD}.Debug|Any CPU.ActiveCfg = Debug|Any CPU
		{5C97DBF0-614B-4649-AFA4-47181A14D5CD}.Debug|Any CPU.Build.0 = Debug|Any CPU
		{5C97DBF0-614B-4649-AFA4-47181A14D5CD}.Release|Any CPU.ActiveCfg = Release|Any CPU
		{5C97DBF0-614B-4649-AFA4-47181A14D5CD}.Release|Any CPU.Build.0 = Release|Any CPU
	EndGlobalSection
	GlobalSection(SolutionProperties) = preSolution
		HideSolutionNode = FALSE
	EndGlobalSection
	GlobalSection(ExtensibilityGlobals) = postSolution
		SolutionGuid = {38972985-EA7D-453E-8BA3-AAD682643AD2}
	EndGlobalSection
EndGlobal
