
Microsoft Visual Studio Solution File, Format Version 12.00
# Visual Studio Version 16
VisualStudioVersion = 16.0.29025.244
MinimumVisualStudioVersion = 10.0.40219.1
Project("{FAE04EC0-301F-11D3-BF4B-00C04F79EFBC}") = "EjerciciosPipes4", "EjerciciosPipes4\EjerciciosPipes4.csproj", "{CDD32A7C-A82D-4A04-8220-DBD31DE9B6B3}"
EndProject
Project("{FAE04EC0-301F-11D3-BF4B-00C04F79EFBC}") = "PipeHijo", "PipeHijo\PipeHijo.csproj", "{C6F2D31D-12B2-4C82-9BB7-81CCA434895E}"
EndProject
Global
	GlobalSection(SolutionConfigurationPlatforms) = preSolution
		Debug|Any CPU = Debug|Any CPU
		Release|Any CPU = Release|Any CPU
	EndGlobalSection
	GlobalSection(ProjectConfigurationPlatforms) = postSolution
		{CDD32A7C-A82D-4A04-8220-DBD31DE9B6B3}.Debug|Any CPU.ActiveCfg = Debug|Any CPU
		{CDD32A7C-A82D-4A04-8220-DBD31DE9B6B3}.Debug|Any CPU.Build.0 = Debug|Any CPU
		{CDD32A7C-A82D-4A04-8220-DBD31DE9B6B3}.Release|Any CPU.ActiveCfg = Release|Any CPU
		{CDD32A7C-A82D-4A04-8220-DBD31DE9B6B3}.Release|Any CPU.Build.0 = Release|Any CPU
		{C6F2D31D-12B2-4C82-9BB7-81CCA434895E}.Debug|Any CPU.ActiveCfg = Debug|Any CPU
		{C6F2D31D-12B2-4C82-9BB7-81CCA434895E}.Debug|Any CPU.Build.0 = Debug|Any CPU
		{C6F2D31D-12B2-4C82-9BB7-81CCA434895E}.Release|Any CPU.ActiveCfg = Release|Any CPU
		{C6F2D31D-12B2-4C82-9BB7-81CCA434895E}.Release|Any CPU.Build.0 = Release|Any CPU
	EndGlobalSection
	GlobalSection(SolutionProperties) = preSolution
		HideSolutionNode = FALSE
	EndGlobalSection
	GlobalSection(ExtensibilityGlobals) = postSolution
		SolutionGuid = {6DC5F24D-2B25-44BB-9E0B-209C0258D486}
	EndGlobalSection
EndGlobal
