
Microsoft Visual Studio Solution File, Format Version 12.00
# Visual Studio Version 16
VisualStudioVersion = 16.0.29025.244
MinimumVisualStudioVersion = 10.0.40219.1
Project("{FAE04EC0-301F-11D3-BF4B-00C04F79EFBC}") = "EjemploEscritorio", "EjemploEscritorio\EjemploEscritorio.csproj", "{11FE878C-A797-4BD3-ADD6-CD0E36372EA8}"
EndProject
Global
	GlobalSection(SolutionConfigurationPlatforms) = preSolution
		Debug|Any CPU = Debug|Any CPU
		Release|Any CPU = Release|Any CPU
	EndGlobalSection
	GlobalSection(ProjectConfigurationPlatforms) = postSolution
		{11FE878C-A797-4BD3-ADD6-CD0E36372EA8}.Debug|Any CPU.ActiveCfg = Debug|Any CPU
		{11FE878C-A797-4BD3-ADD6-CD0E36372EA8}.Debug|Any CPU.Build.0 = Debug|Any CPU
		{11FE878C-A797-4BD3-ADD6-CD0E36372EA8}.Release|Any CPU.ActiveCfg = Release|Any CPU
		{11FE878C-A797-4BD3-ADD6-CD0E36372EA8}.Release|Any CPU.Build.0 = Release|Any CPU
	EndGlobalSection
	GlobalSection(SolutionProperties) = preSolution
		HideSolutionNode = FALSE
	EndGlobalSection
	GlobalSection(ExtensibilityGlobals) = postSolution
		SolutionGuid = {B61756E9-6579-4D93-A411-000DA04DF7AE}
	EndGlobalSection
EndGlobal
