
Microsoft Visual Studio Solution File, Format Version 12.00
# Visual Studio Version 16
VisualStudioVersion = 16.0.29025.244
MinimumVisualStudioVersion = 10.0.40219.1
Project("{F184B08F-C81C-45F6-A57F-5ABD9991F28F}") = "LibreriaFicherosStandard", "LibreriaFicherosStandard\LibreriaFicherosStandard.vbproj", "{32461A9B-78C5-44C4-9783-5CC900031CE2}"
EndProject
Global
	GlobalSection(SolutionConfigurationPlatforms) = preSolution
		Debug|Any CPU = Debug|Any CPU
		Release|Any CPU = Release|Any CPU
	EndGlobalSection
	GlobalSection(ProjectConfigurationPlatforms) = postSolution
		{32461A9B-78C5-44C4-9783-5CC900031CE2}.Debug|Any CPU.ActiveCfg = Debug|Any CPU
		{32461A9B-78C5-44C4-9783-5CC900031CE2}.Debug|Any CPU.Build.0 = Debug|Any CPU
		{32461A9B-78C5-44C4-9783-5CC900031CE2}.Release|Any CPU.ActiveCfg = Release|Any CPU
		{32461A9B-78C5-44C4-9783-5CC900031CE2}.Release|Any CPU.Build.0 = Release|Any CPU
	EndGlobalSection
	GlobalSection(SolutionProperties) = preSolution
		HideSolutionNode = FALSE
	EndGlobalSection
	GlobalSection(ExtensibilityGlobals) = postSolution
		SolutionGuid = {29BCC6A3-1AEF-4284-9053-8E670E9AE8DA}
	EndGlobalSection
EndGlobal
