
Microsoft Visual Studio Solution File, Format Version 12.00
# Visual Studio Version 16
VisualStudioVersion = 16.0.29025.244
MinimumVisualStudioVersion = 10.0.40219.1
Project("{FAE04EC0-301F-11D3-BF4B-00C04F79EFBC}") = "AbrirArchivo", "AbrirArchivo\AbrirArchivo.csproj", "{915BF421-91D1-4A40-B065-BD3BC09DCC7E}"
EndProject
Global
	GlobalSection(SolutionConfigurationPlatforms) = preSolution
		Debug|Any CPU = Debug|Any CPU
		Release|Any CPU = Release|Any CPU
	EndGlobalSection
	GlobalSection(ProjectConfigurationPlatforms) = postSolution
		{915BF421-91D1-4A40-B065-BD3BC09DCC7E}.Debug|Any CPU.ActiveCfg = Debug|Any CPU
		{915BF421-91D1-4A40-B065-BD3BC09DCC7E}.Debug|Any CPU.Build.0 = Debug|Any CPU
		{915BF421-91D1-4A40-B065-BD3BC09DCC7E}.Release|Any CPU.ActiveCfg = Release|Any CPU
		{915BF421-91D1-4A40-B065-BD3BC09DCC7E}.Release|Any CPU.Build.0 = Release|Any CPU
	EndGlobalSection
	GlobalSection(SolutionProperties) = preSolution
		HideSolutionNode = FALSE
	EndGlobalSection
	GlobalSection(ExtensibilityGlobals) = postSolution
		SolutionGuid = {4B805218-49D5-4684-9C3E-FB051602518E}
	EndGlobalSection
EndGlobal
