
Microsoft Visual Studio Solution File, Format Version 12.00
# Visual Studio Version 16
VisualStudioVersion = 16.0.29025.244
MinimumVisualStudioVersion = 10.0.40219.1
Project("{FAE04EC0-301F-11D3-BF4B-00C04F79EFBC}") = "AplicacionWebFrameworkConEntityFramework", "AplicacionWebFrameworkConEntityFramework\AplicacionWebFrameworkConEntityFramework.csproj", "{9B8F2796-60B1-4A91-AA23-6AB92BA0C527}"
EndProject
Global
	GlobalSection(SolutionConfigurationPlatforms) = preSolution
		Debug|Any CPU = Debug|Any CPU
		Release|Any CPU = Release|Any CPU
	EndGlobalSection
	GlobalSection(ProjectConfigurationPlatforms) = postSolution
		{9B8F2796-60B1-4A91-AA23-6AB92BA0C527}.Debug|Any CPU.ActiveCfg = Debug|Any CPU
		{9B8F2796-60B1-4A91-AA23-6AB92BA0C527}.Debug|Any CPU.Build.0 = Debug|Any CPU
		{9B8F2796-60B1-4A91-AA23-6AB92BA0C527}.Release|Any CPU.ActiveCfg = Release|Any CPU
		{9B8F2796-60B1-4A91-AA23-6AB92BA0C527}.Release|Any CPU.Build.0 = Release|Any CPU
	EndGlobalSection
	GlobalSection(SolutionProperties) = preSolution
		HideSolutionNode = FALSE
	EndGlobalSection
	GlobalSection(ExtensibilityGlobals) = postSolution
		SolutionGuid = {225B056C-992C-4747-B0F8-2F219BF09A5E}
	EndGlobalSection
EndGlobal
