
Microsoft Visual Studio Solution File, Format Version 12.00
# Visual Studio Version 16
VisualStudioVersion = 16.0.29025.244
MinimumVisualStudioVersion = 10.0.40219.1
Project("{FAE04EC0-301F-11D3-BF4B-00C04F79EFBC}") = "Enunciado1", "Enunciado1\Enunciado1.csproj", "{1F5A4187-858C-45C5-A31C-E5502F17E00B}"
EndProject
Project("{FAE04EC0-301F-11D3-BF4B-00C04F79EFBC}") = "Enunciado1Cliente", "Enunciado1Cliente\Enunciado1Cliente.csproj", "{049D6558-B473-4A5E-929F-506233FD3FA6}"
EndProject
Global
	GlobalSection(SolutionConfigurationPlatforms) = preSolution
		Debug|Any CPU = Debug|Any CPU
		Release|Any CPU = Release|Any CPU
	EndGlobalSection
	GlobalSection(ProjectConfigurationPlatforms) = postSolution
		{1F5A4187-858C-45C5-A31C-E5502F17E00B}.Debug|Any CPU.ActiveCfg = Debug|Any CPU
		{1F5A4187-858C-45C5-A31C-E5502F17E00B}.Debug|Any CPU.Build.0 = Debug|Any CPU
		{1F5A4187-858C-45C5-A31C-E5502F17E00B}.Release|Any CPU.ActiveCfg = Release|Any CPU
		{1F5A4187-858C-45C5-A31C-E5502F17E00B}.Release|Any CPU.Build.0 = Release|Any CPU
		{049D6558-B473-4A5E-929F-506233FD3FA6}.Debug|Any CPU.ActiveCfg = Debug|Any CPU
		{049D6558-B473-4A5E-929F-506233FD3FA6}.Debug|Any CPU.Build.0 = Debug|Any CPU
		{049D6558-B473-4A5E-929F-506233FD3FA6}.Release|Any CPU.ActiveCfg = Release|Any CPU
		{049D6558-B473-4A5E-929F-506233FD3FA6}.Release|Any CPU.Build.0 = Release|Any CPU
	EndGlobalSection
	GlobalSection(SolutionProperties) = preSolution
		HideSolutionNode = FALSE
	EndGlobalSection
	GlobalSection(ExtensibilityGlobals) = postSolution
		SolutionGuid = {2E9371D5-B8A8-4509-AAB0-EB566D903A57}
	EndGlobalSection
EndGlobal
