
Microsoft Visual Studio Solution File, Format Version 12.00
# Visual Studio Version 16
VisualStudioVersion = 16.0.29025.244
MinimumVisualStudioVersion = 10.0.40219.1
Project("{FAE04EC0-301F-11D3-BF4B-00C04F79EFBC}") = "PipesExtra", "PipesExtra\PipesExtra.csproj", "{196DF2AC-9469-48AB-81B1-8806563F6AF3}"
EndProject
Global
	GlobalSection(SolutionConfigurationPlatforms) = preSolution
		Debug|Any CPU = Debug|Any CPU
		Release|Any CPU = Release|Any CPU
	EndGlobalSection
	GlobalSection(ProjectConfigurationPlatforms) = postSolution
		{196DF2AC-9469-48AB-81B1-8806563F6AF3}.Debug|Any CPU.ActiveCfg = Debug|Any CPU
		{196DF2AC-9469-48AB-81B1-8806563F6AF3}.Debug|Any CPU.Build.0 = Debug|Any CPU
		{196DF2AC-9469-48AB-81B1-8806563F6AF3}.Release|Any CPU.ActiveCfg = Release|Any CPU
		{196DF2AC-9469-48AB-81B1-8806563F6AF3}.Release|Any CPU.Build.0 = Release|Any CPU
	EndGlobalSection
	GlobalSection(SolutionProperties) = preSolution
		HideSolutionNode = FALSE
	EndGlobalSection
	GlobalSection(ExtensibilityGlobals) = postSolution
		SolutionGuid = {98E0E494-C991-47CC-8E0C-9780C17B21D6}
	EndGlobalSection
EndGlobal
