
Microsoft Visual Studio Solution File, Format Version 12.00
# Visual Studio Version 16
VisualStudioVersion = 16.0.29025.244
MinimumVisualStudioVersion = 10.0.40219.1
Project("{FAE04EC0-301F-11D3-BF4B-00C04F79EFBC}") = "EjemploHilo2", "EjemploHilo2\EjemploHilo2.csproj", "{90B8B16B-53A2-4BDA-9864-511AC7D34BDA}"
EndProject
Global
	GlobalSection(SolutionConfigurationPlatforms) = preSolution
		Debug|Any CPU = Debug|Any CPU
		Release|Any CPU = Release|Any CPU
	EndGlobalSection
	GlobalSection(ProjectConfigurationPlatforms) = postSolution
		{90B8B16B-53A2-4BDA-9864-511AC7D34BDA}.Debug|Any CPU.ActiveCfg = Debug|Any CPU
		{90B8B16B-53A2-4BDA-9864-511AC7D34BDA}.Debug|Any CPU.Build.0 = Debug|Any CPU
		{90B8B16B-53A2-4BDA-9864-511AC7D34BDA}.Release|Any CPU.ActiveCfg = Release|Any CPU
		{90B8B16B-53A2-4BDA-9864-511AC7D34BDA}.Release|Any CPU.Build.0 = Release|Any CPU
	EndGlobalSection
	GlobalSection(SolutionProperties) = preSolution
		HideSolutionNode = FALSE
	EndGlobalSection
	GlobalSection(ExtensibilityGlobals) = postSolution
		SolutionGuid = {3D83FE03-C953-4740-935F-C72C29D987F5}
	EndGlobalSection
EndGlobal
