
Microsoft Visual Studio Solution File, Format Version 12.00
# Visual Studio Version 16
VisualStudioVersion = 16.0.29025.244
MinimumVisualStudioVersion = 10.0.40219.1
Project("{F184B08F-C81C-45F6-A57F-5ABD9991F28F}") = "VbEstadistica", "VbEstadistica\VbEstadistica.vbproj", "{88E0F71C-DC67-4384-BA6A-9A7B9A7252DC}"
EndProject
Global
	GlobalSection(SolutionConfigurationPlatforms) = preSolution
		Debug|Any CPU = Debug|Any CPU
		Release|Any CPU = Release|Any CPU
	EndGlobalSection
	GlobalSection(ProjectConfigurationPlatforms) = postSolution
		{88E0F71C-DC67-4384-BA6A-9A7B9A7252DC}.Debug|Any CPU.ActiveCfg = Debug|Any CPU
		{88E0F71C-DC67-4384-BA6A-9A7B9A7252DC}.Debug|Any CPU.Build.0 = Debug|Any CPU
		{88E0F71C-DC67-4384-BA6A-9A7B9A7252DC}.Release|Any CPU.ActiveCfg = Release|Any CPU
		{88E0F71C-DC67-4384-BA6A-9A7B9A7252DC}.Release|Any CPU.Build.0 = Release|Any CPU
	EndGlobalSection
	GlobalSection(SolutionProperties) = preSolution
		HideSolutionNode = FALSE
	EndGlobalSection
	GlobalSection(ExtensibilityGlobals) = postSolution
		SolutionGuid = {38E1E08D-2068-4109-9B34-BD869D92D408}
	EndGlobalSection
EndGlobal
