
Microsoft Visual Studio Solution File, Format Version 12.00
# Visual Studio Version 16
VisualStudioVersion = 16.0.29025.244
MinimumVisualStudioVersion = 10.0.40219.1
Project("{F184B08F-C81C-45F6-A57F-5ABD9991F28F}") = "WindowsApp1", "WindowsApp1\WindowsApp1.vbproj", "{EE8EE3EB-35BF-4646-A42B-A13CBE55A4B7}"
EndProject
Global
	GlobalSection(SolutionConfigurationPlatforms) = preSolution
		Debug|Any CPU = Debug|Any CPU
		Release|Any CPU = Release|Any CPU
	EndGlobalSection
	GlobalSection(ProjectConfigurationPlatforms) = postSolution
		{EE8EE3EB-35BF-4646-A42B-A13CBE55A4B7}.Debug|Any CPU.ActiveCfg = Debug|Any CPU
		{EE8EE3EB-35BF-4646-A42B-A13CBE55A4B7}.Debug|Any CPU.Build.0 = Debug|Any CPU
		{EE8EE3EB-35BF-4646-A42B-A13CBE55A4B7}.Release|Any CPU.ActiveCfg = Release|Any CPU
		{EE8EE3EB-35BF-4646-A42B-A13CBE55A4B7}.Release|Any CPU.Build.0 = Release|Any CPU
	EndGlobalSection
	GlobalSection(SolutionProperties) = preSolution
		HideSolutionNode = FALSE
	EndGlobalSection
	GlobalSection(ExtensibilityGlobals) = postSolution
		SolutionGuid = {868F8747-823D-47D5-AB5C-462260DFBDFF}
	EndGlobalSection
EndGlobal
