
Microsoft Visual Studio Solution File, Format Version 12.00
# Visual Studio Version 16
VisualStudioVersion = 16.0.29025.244
MinimumVisualStudioVersion = 10.0.40219.1
Project("{FAE04EC0-301F-11D3-BF4B-00C04F79EFBC}") = "LectoresEscritores", "LectoresEscritores\LectoresEscritores.csproj", "{CCC7CF52-D736-4B40-97FC-63F2F28CA8FD}"
EndProject
Global
	GlobalSection(SolutionConfigurationPlatforms) = preSolution
		Debug|Any CPU = Debug|Any CPU
		Release|Any CPU = Release|Any CPU
	EndGlobalSection
	GlobalSection(ProjectConfigurationPlatforms) = postSolution
		{CCC7CF52-D736-4B40-97FC-63F2F28CA8FD}.Debug|Any CPU.ActiveCfg = Debug|Any CPU
		{CCC7CF52-D736-4B40-97FC-63F2F28CA8FD}.Debug|Any CPU.Build.0 = Debug|Any CPU
		{CCC7CF52-D736-4B40-97FC-63F2F28CA8FD}.Release|Any CPU.ActiveCfg = Release|Any CPU
		{CCC7CF52-D736-4B40-97FC-63F2F28CA8FD}.Release|Any CPU.Build.0 = Release|Any CPU
	EndGlobalSection
	GlobalSection(SolutionProperties) = preSolution
		HideSolutionNode = FALSE
	EndGlobalSection
	GlobalSection(ExtensibilityGlobals) = postSolution
		SolutionGuid = {41A239F2-56E2-4E00-994A-E3471FAE9839}
	EndGlobalSection
EndGlobal
