
Microsoft Visual Studio Solution File, Format Version 12.00
# Visual Studio 2013
VisualStudioVersion = 12.0.30501.0
MinimumVisualStudioVersion = 10.0.40219.1
Project("{FAE04EC0-301F-11D3-BF4B-00C04F79EFBC}") = "EjemploEventos-3", "EjemploEventos-3\EjemploEventos-3.csproj", "{D483479F-3E19-4E44-B655-D41E013A4626}"
EndProject
Global
	GlobalSection(SolutionConfigurationPlatforms) = preSolution
		Debug|Any CPU = Debug|Any CPU
		Release|Any CPU = Release|Any CPU
	EndGlobalSection
	GlobalSection(ProjectConfigurationPlatforms) = postSolution
		{D483479F-3E19-4E44-B655-D41E013A4626}.Debug|Any CPU.ActiveCfg = Debug|Any CPU
		{D483479F-3E19-4E44-B655-D41E013A4626}.Debug|Any CPU.Build.0 = Debug|Any CPU
		{D483479F-3E19-4E44-B655-D41E013A4626}.Release|Any CPU.ActiveCfg = Release|Any CPU
		{D483479F-3E19-4E44-B655-D41E013A4626}.Release|Any CPU.Build.0 = Release|Any CPU
	EndGlobalSection
	GlobalSection(SolutionProperties) = preSolution
		HideSolutionNode = FALSE
	EndGlobalSection
EndGlobal
