
Microsoft Visual Studio Solution File, Format Version 12.00
# Visual Studio Version 16
VisualStudioVersion = 16.0.29025.244
MinimumVisualStudioVersion = 10.0.40219.1
Project("{F184B08F-C81C-45F6-A57F-5ABD9991F28F}") = "Tablas2", "Tablas2\Tablas2.vbproj", "{B2816E6A-29F6-427E-A815-71B5E2FFD3F3}"
EndProject
Global
	GlobalSection(SolutionConfigurationPlatforms) = preSolution
		Debug|Any CPU = Debug|Any CPU
		Release|Any CPU = Release|Any CPU
	EndGlobalSection
	GlobalSection(ProjectConfigurationPlatforms) = postSolution
		{B2816E6A-29F6-427E-A815-71B5E2FFD3F3}.Debug|Any CPU.ActiveCfg = Debug|Any CPU
		{B2816E6A-29F6-427E-A815-71B5E2FFD3F3}.Debug|Any CPU.Build.0 = Debug|Any CPU
		{B2816E6A-29F6-427E-A815-71B5E2FFD3F3}.Release|Any CPU.ActiveCfg = Release|Any CPU
		{B2816E6A-29F6-427E-A815-71B5E2FFD3F3}.Release|Any CPU.Build.0 = Release|Any CPU
	EndGlobalSection
	GlobalSection(SolutionProperties) = preSolution
		HideSolutionNode = FALSE
	EndGlobalSection
	GlobalSection(ExtensibilityGlobals) = postSolution
		SolutionGuid = {1084F18D-F905-431F-BDAA-470F49BC34BA}
	EndGlobalSection
EndGlobal
