
Microsoft Visual Studio Solution File, Format Version 12.00
# Visual Studio Version 16
VisualStudioVersion = 16.0.29025.244
MinimumVisualStudioVersion = 10.0.40219.1
Project("{FAE04EC0-301F-11D3-BF4B-00C04F79EFBC}") = "EjercicioHilos(tragaperras)", "EjercicioHilos(tragaperras)\EjercicioHilos(tragaperras).csproj", "{18F40B8C-A4D7-4995-9090-865DAF179D02}"
EndProject
Global
	GlobalSection(SolutionConfigurationPlatforms) = preSolution
		Debug|Any CPU = Debug|Any CPU
		Release|Any CPU = Release|Any CPU
	EndGlobalSection
	GlobalSection(ProjectConfigurationPlatforms) = postSolution
		{18F40B8C-A4D7-4995-9090-865DAF179D02}.Debug|Any CPU.ActiveCfg = Debug|Any CPU
		{18F40B8C-A4D7-4995-9090-865DAF179D02}.Debug|Any CPU.Build.0 = Debug|Any CPU
		{18F40B8C-A4D7-4995-9090-865DAF179D02}.Release|Any CPU.ActiveCfg = Release|Any CPU
		{18F40B8C-A4D7-4995-9090-865DAF179D02}.Release|Any CPU.Build.0 = Release|Any CPU
	EndGlobalSection
	GlobalSection(SolutionProperties) = preSolution
		HideSolutionNode = FALSE
	EndGlobalSection
	GlobalSection(ExtensibilityGlobals) = postSolution
		SolutionGuid = {8577B349-2F27-423D-A262-896D4B69D347}
	EndGlobalSection
EndGlobal
