
Microsoft Visual Studio Solution File, Format Version 12.00
# Visual Studio Version 16
VisualStudioVersion = 16.0.29025.244
MinimumVisualStudioVersion = 10.0.40219.1
Project("{FAE04EC0-301F-11D3-BF4B-00C04F79EFBC}") = "ListaProcesos", "ListaProcesos\ListaProcesos.csproj", "{9C0D24E9-3A8A-4DAB-8F46-ECCE87CAAADA}"
EndProject
Global
	GlobalSection(SolutionConfigurationPlatforms) = preSolution
		Debug|Any CPU = Debug|Any CPU
		Release|Any CPU = Release|Any CPU
	EndGlobalSection
	GlobalSection(ProjectConfigurationPlatforms) = postSolution
		{9C0D24E9-3A8A-4DAB-8F46-ECCE87CAAADA}.Debug|Any CPU.ActiveCfg = Debug|Any CPU
		{9C0D24E9-3A8A-4DAB-8F46-ECCE87CAAADA}.Debug|Any CPU.Build.0 = Debug|Any CPU
		{9C0D24E9-3A8A-4DAB-8F46-ECCE87CAAADA}.Release|Any CPU.ActiveCfg = Release|Any CPU
		{9C0D24E9-3A8A-4DAB-8F46-ECCE87CAAADA}.Release|Any CPU.Build.0 = Release|Any CPU
	EndGlobalSection
	GlobalSection(SolutionProperties) = preSolution
		HideSolutionNode = FALSE
	EndGlobalSection
	GlobalSection(ExtensibilityGlobals) = postSolution
		SolutionGuid = {B26E9D80-30A4-4078-B576-61E6E101B6DD}
	EndGlobalSection
EndGlobal
