
Microsoft Visual Studio Solution File, Format Version 12.00
# Visual Studio Version 16
VisualStudioVersion = 16.0.29025.244
MinimumVisualStudioVersion = 10.0.40219.1
Project("{FAE04EC0-301F-11D3-BF4B-00C04F79EFBC}") = "PipesRepaso1", "PipesRepaso1\PipesRepaso1.csproj", "{8CCA0914-05B8-4635-A381-04C1C10C87BB}"
EndProject
Project("{FAE04EC0-301F-11D3-BF4B-00C04F79EFBC}") = "Servidor", "Servidor\Servidor.csproj", "{AA621E2F-C2DA-4A42-9F49-D31093F44CB2}"
EndProject
Project("{FAE04EC0-301F-11D3-BF4B-00C04F79EFBC}") = "Cliente", "Cliente\Cliente.csproj", "{A29C64F2-E3E4-4750-937E-5E5E46998B1F}"
EndProject
Global
	GlobalSection(SolutionConfigurationPlatforms) = preSolution
		Debug|Any CPU = Debug|Any CPU
		Release|Any CPU = Release|Any CPU
	EndGlobalSection
	GlobalSection(ProjectConfigurationPlatforms) = postSolution
		{8CCA0914-05B8-4635-A381-04C1C10C87BB}.Debug|Any CPU.ActiveCfg = Debug|Any CPU
		{8CCA0914-05B8-4635-A381-04C1C10C87BB}.Debug|Any CPU.Build.0 = Debug|Any CPU
		{8CCA0914-05B8-4635-A381-04C1C10C87BB}.Release|Any CPU.ActiveCfg = Release|Any CPU
		{8CCA0914-05B8-4635-A381-04C1C10C87BB}.Release|Any CPU.Build.0 = Release|Any CPU
		{AA621E2F-C2DA-4A42-9F49-D31093F44CB2}.Debug|Any CPU.ActiveCfg = Debug|Any CPU
		{AA621E2F-C2DA-4A42-9F49-D31093F44CB2}.Debug|Any CPU.Build.0 = Debug|Any CPU
		{AA621E2F-C2DA-4A42-9F49-D31093F44CB2}.Release|Any CPU.ActiveCfg = Release|Any CPU
		{AA621E2F-C2DA-4A42-9F49-D31093F44CB2}.Release|Any CPU.Build.0 = Release|Any CPU
		{A29C64F2-E3E4-4750-937E-5E5E46998B1F}.Debug|Any CPU.ActiveCfg = Debug|Any CPU
		{A29C64F2-E3E4-4750-937E-5E5E46998B1F}.Debug|Any CPU.Build.0 = Debug|Any CPU
		{A29C64F2-E3E4-4750-937E-5E5E46998B1F}.Release|Any CPU.ActiveCfg = Release|Any CPU
		{A29C64F2-E3E4-4750-937E-5E5E46998B1F}.Release|Any CPU.Build.0 = Release|Any CPU
	EndGlobalSection
	GlobalSection(SolutionProperties) = preSolution
		HideSolutionNode = FALSE
	EndGlobalSection
	GlobalSection(ExtensibilityGlobals) = postSolution
		SolutionGuid = {C8441157-F190-4EBC-8431-DA0E8806F071}
	EndGlobalSection
EndGlobal
