
Microsoft Visual Studio Solution File, Format Version 12.00
# Visual Studio Version 16
VisualStudioVersion = 16.0.29025.244
MinimumVisualStudioVersion = 10.0.40219.1
Project("{F184B08F-C81C-45F6-A57F-5ABD9991F28F}") = "ExamenDocumentos", "ExamenDocumentos\ExamenDocumentos.vbproj", "{207BCB9C-A8C9-44E4-90F0-6E45229D4D8B}"
EndProject
Global
	GlobalSection(SolutionConfigurationPlatforms) = preSolution
		Debug|Any CPU = Debug|Any CPU
		Release|Any CPU = Release|Any CPU
	EndGlobalSection
	GlobalSection(ProjectConfigurationPlatforms) = postSolution
		{207BCB9C-A8C9-44E4-90F0-6E45229D4D8B}.Debug|Any CPU.ActiveCfg = Debug|Any CPU
		{207BCB9C-A8C9-44E4-90F0-6E45229D4D8B}.Debug|Any CPU.Build.0 = Debug|Any CPU
		{207BCB9C-A8C9-44E4-90F0-6E45229D4D8B}.Release|Any CPU.ActiveCfg = Release|Any CPU
		{207BCB9C-A8C9-44E4-90F0-6E45229D4D8B}.Release|Any CPU.Build.0 = Release|Any CPU
	EndGlobalSection
	GlobalSection(SolutionProperties) = preSolution
		HideSolutionNode = FALSE
	EndGlobalSection
	GlobalSection(ExtensibilityGlobals) = postSolution
		SolutionGuid = {70853F31-3F2C-46BF-A3E5-318261BE64BE}
	EndGlobalSection
EndGlobal
